
Microsoft Visual Studio Solution File, Format Version 12.00
# Visual Studio Version 16
VisualStudioVersion = 16.0.29509.3
MinimumVisualStudioVersion = 10.0.40219.1
Project("{FAE04EC0-301F-11D3-BF4B-00C04F79EFBC}") = "TomChess", "TomChess.csproj", "{1FB59170-18C3-49E1-A849-94927F544244}"
EndProject
Global
	GlobalSection(SolutionConfigurationPlatforms) = preSolution
		Debug|Any CPU = Debug|Any CPU
		Release|Any CPU = Release|Any CPU
	EndGlobalSection
	GlobalSection(ProjectConfigurationPlatforms) = postSolution
		{1FB59170-18C3-49E1-A849-94927F544244}.Debug|Any CPU.ActiveCfg = Debug|Any CPU
		{1FB59170-18C3-49E1-A849-94927F544244}.Debug|Any CPU.Build.0 = Debug|Any CPU
		{1FB59170-18C3-49E1-A849-94927F544244}.Release|Any CPU.ActiveCfg = Release|Any CPU
		{1FB59170-18C3-49E1-A849-94927F544244}.Release|Any CPU.Build.0 = Release|Any CPU
	EndGlobalSection
	GlobalSection(SolutionProperties) = preSolution
		HideSolutionNode = FALSE
	EndGlobalSection
	GlobalSection(ExtensibilityGlobals) = postSolution
		SolutionGuid = {C1764F18-23F3-4CFB-AF7A-455C8D4DD30E}
	EndGlobalSection
EndGlobal
